PODS:
  - Straw (0.5.4)
  - StrawServiceHttp (0.1.2):
    - Straw (~> 0.5.0)
  - StrawServiceLocale (0.1.1):
    - Straw (~> 0.5.0)

DEPENDENCIES:
  - Straw (~> 0.5.2)
  - StrawServiceHttp (~> 0.1.1)
  - StrawServiceLocale (~> 0.1.1)

SPEC CHECKSUMS:
  Straw: cdd5f41caa38e14dbdc39526430fea8fca2d9340
  StrawServiceHttp: 5725387fa32742d024ff6cdd033fdd4b12700fe1
  StrawServiceLocale: 17ddf39b919cbc3b63650665b3dac6eefa86ee75

COCOAPODS: 0.33.1
